{
  "version": 4,
  "terraform_version": "1.9.1",
  "serial": 8,
  "lineage": "8cc1d04e-5931-3e96-83c8-6bf3c42b4bae",
  "outputs": {},
  "resources": [
    {
      "mode": "managed",
      "type": "google_compute_disk",
      "name": "kubernetes-storage",
      "provider": "provider[\"registry.terraform.io/hashicorp/google\"]",
      "instances": [
        {
          "schema_version": 0,
          "attributes": {
            "creation_timestamp": "2024-07-09T19:56:36.000-07:00",
            "description": "",
            "disk_encryption_key": [],
            "id": "projects/kubernetes-428718/zones/us-central1-c/disks/kubernetes-storage-disk",
            "image": "",
            "label_fingerprint": "a6HI36FuYIQ=",
            "labels": {
              "environment": "dev"
            },
            "last_attach_timestamp": "",
            "last_detach_timestamp": "",
            "name": "kubernetes-storage-disk",
            "physical_block_size_bytes": 4096,
            "project": "kubernetes-428718",
            "provisioned_iops": 0,
            "self_link": "https://www.googleapis.com/compute/v1/projects/kubernetes-428718/zones/us-central1-c/disks/kubernetes-storage-disk",
            "size": 20,
            "snapshot": "",
            "source_disk": "",
            "source_disk_id": "",
            "source_image_encryption_key": [],
            "source_image_id": "",
            "source_snapshot_encryption_key": [],
            "source_snapshot_id": "",
            "timeouts": null,
            "type": "pd-standard",
            "users": [],
            "zone": "us-central1-c"
          },
          "sensitive_attributes": [],
          "private": "eyJlMmJmYjczMC1lY2FhLTExZTYtOGY4OC0zNDM2M2JjN2M0YzAiOnsiY3JlYXRlIjoxMjAwMDAwMDAwMDAwLCJkZWxldGUiOjEyMDAwMDAwMDAwMDAsInVwZGF0ZSI6MTIwMDAwMDAwMDAwMH19"
        }
      ]
    },
    {
      "mode": "managed",
      "type": "google_container_cluster",
      "name": "primary",
      "provider": "provider[\"registry.terraform.io/hashicorp/google\"]",
      "instances": [
        {
          "schema_version": 1,
          "attributes": {
            "addons_config": [
              {
                "cloudrun_config": [],
                "config_connector_config": [],
                "dns_cache_config": [],
                "gce_persistent_disk_csi_driver_config": [
                  {
                    "enabled": true
                  }
                ],
                "gcp_filestore_csi_driver_config": [],
                "gke_backup_agent_config": [],
                "horizontal_pod_autoscaling": [],
                "http_load_balancing": [],
                "network_policy_config": [
                  {
                    "disabled": true
                  }
                ]
              }
            ],
            "authenticator_groups_config": [],
            "binary_authorization": [
              {
                "enabled": false,
                "evaluation_mode": ""
              }
            ],
            "cluster_autoscaling": [
              {
                "auto_provisioning_defaults": [],
                "enabled": false,
                "resource_limits": []
              }
            ],
            "cluster_ipv4_cidr": "10.108.0.0/14",
            "confidential_nodes": [],
            "cost_management_config": [],
            "database_encryption": [
              {
                "key_name": "",
                "state": "DECRYPTED"
              }
            ],
            "datapath_provider": "",
            "default_max_pods_per_node": null,
            "default_snat_status": [
              {
                "disabled": false
              }
            ],
            "description": "",
            "dns_config": [],
            "enable_autopilot": false,
            "enable_binary_authorization": false,
            "enable_intranode_visibility": false,
            "enable_kubernetes_alpha": false,
            "enable_l4_ilb_subsetting": false,
            "enable_legacy_abac": false,
            "enable_shielded_nodes": true,
            "enable_tpu": false,
            "endpoint": "34.29.194.69",
            "gateway_api_config": [],
            "id": "projects/kubernetes-428718/locations/us-central1-c/clusters/my-gke-cluster",
            "initial_node_count": 1,
            "ip_allocation_policy": [],
            "label_fingerprint": "a9dc16a7",
            "location": "us-central1-c",
            "logging_config": [
              {
                "enable_components": [
                  "SYSTEM_COMPONENTS",
                  "WORKLOADS"
                ]
              }
            ],
            "logging_service": "logging.googleapis.com/kubernetes",
            "maintenance_policy": [],
            "master_auth": [
              {
                "client_certificate": "",
                "client_certificate_config": [
                  {
                    "issue_client_certificate": false
                  }
                ],
                "client_key": "",
                "cluster_ca_certificate": "LS0tLS1CRUdJTiBDRVJUSUZJQ0FURS0tLS0tCk1JSUVMRENDQXBTZ0F3SUJBZ0lRTGdnZEErYjlGM091TmRuY2hJV3E5REFOQmdrcWhraUc5dzBCQVFzRkFEQXYKTVMwd0t3WURWUVFERXlSaU1UVTBOalpoWWkxak1HVXdMVFJqTXpVdFlUUTVOeTAxTURsaVpEQXdOVFZsWm1NdwpJQmNOTWpRd056RXdNREUxTmpNMldoZ1BNakExTkRBM01ETXdNalUyTXpaYU1DOHhMVEFyQmdOVkJBTVRKR0l4Ck5UUTJObUZpTFdNd1pUQXROR016TlMxaE5EazNMVFV3T1dKa01EQTFOV1ZtWXpDQ0FhSXdEUVlKS29aSWh2Y04KQVFFQkJRQURnZ0dQQURDQ0FZb0NnZ0dCQUpMNVZhbGh3SHI1VUU5RHRyUkgvYW8rbGJmNjU4QVl4VHRyY29QQQpzTmUxNU5NWFRrWWQvR3dzZE0yWThiUlV2a283cTZYQkhmbXhqakovSU1ieUs4aDlYZlF4MldyajFpN3NUbDAxClhsZzRHRllvcWl6cXVBa1J0ZllyYkJmclFTOC9zK3FIVmY4b1FsZm94bVE3RE9CT0xUM3pHVkhibkFhVVlTWlQKYkkwV1ZTcHBTZTV4TlU5SjlkWlhncFBXYTBFcE1qK1QvVEs1c2dDenhpcC9TZURIS25QVGNOSU0rMWpQUWZiZgpBWU1mYkxrRmZ5TEMvRjZocWwwNHdZZ1JERkF2SllvUWV2V3Vna2R5Q3JiWDgyOVdzTnFDWGQ1SjNOMVlwZDYwCks1bkVEaFVuZm0wanBYZEhEOHNWMzBPdENyRUxWcVRBSXp4eURYa2p1Wnp0SFdZUVBNRzduRGEzQ1U5TFpEUHUKRVdWRHQ0bVp2UVVmbDVDc2VHZTcrNjV4NVlXMWxRNDVZbFQyclVsUHZ1RlhJVzFaWXNZVzNlT0xQc2k4cThaUgpRU1hTNmtlQ3c0RmNCSVJvZ3N4M2NVT3h6QkNrTWlYc09OaUNNQmg1TDY5Y0ZMdEpZQTlQZXhROSsvOUU0a3M1CmdzRXJKVFFFT2ZDSlgxbXVZNDhibWRORUJRSURBUUFCbzBJd1FEQU9CZ05WSFE4QkFmOEVCQU1DQWdRd0R3WUQKVlIwVEFRSC9CQVV3QXdFQi96QWRCZ05WSFE0RUZnUVVMZ3YzYmgzUDF3Q0NOeDVyZTZZV2JPdDVidm93RFFZSgpLb1pJaHZjTkFRRUxCUUFEZ2dHQkFIWkdUUEV0dkk1QUp3VW1NblRBdkxjRzVXaGJUcXI3RllxMWFnWklCcDJGCkdKQ3Jra0FKRzhJWWk5bWpYdTVwQ1loRWhiaFZVTDdYeUNiUW5LY0FzZStQZzdEM0VoRDJtVi9NN0YvY2NHMUkKVktPUjZlM2NaSDUvbGZGL0FJeXl1T3BZZDV4N3gzNG5xVDViQUIvTXVKUW0rQmZtSjZZdS95ZkgrS3NQY0RlZApkM2hIR3NDc0NHNGVJWVdzbjYvVVRyQnA3bXA4Q2o5bjNoTkM5SmNiamtUK3hYa1BFR1ZWSVlvKzN0TkpMRUMvClVRbVNxOGxNMC9hVmRxRzRYOFJtTEZqWUVzOVM0NVBHeWphejVuTjBIdWMzT3cwZWVqMWJzak91bXZQOEZDekUKMjFvcEZNd3d6OEIrNTlpM2wvTW9FUXZWUGROM2p5R01EZDVmNTkybWtMMzRBZnBmUGR2S000aUJzRHdRZG0vSgp0MDFkK0l2M2FqejVXblJwV3d1VnNpOG9oOU1GUFZVbStYTEZPUVpDNHFHbnAvTStBdHpwK0V1WXVYWUxLQjNHCkNMaU5LRnRvTnpBYWZnR1NaRVV2bVhFY0pIMVlidDNWbStTWmFtSVZzSTNiSWJFbkpoMWpmR2IyRDU5V2YzV3kKdiszeXYyV3M4WllZRjFkUmZjVWFudz09Ci0tLS0tRU5EIENFUlRJRklDQVRFLS0tLS0K"
              }
            ],
            "master_authorized_networks_config": [],
            "master_version": "1.29.4-gke.1043004",
            "mesh_certificates": [],
            "min_master_version": null,
            "monitoring_config": [
              {
                "enable_components": [
                  "SYSTEM_COMPONENTS"
                ],
                "managed_prometheus": [
                  {
                    "enabled": true
                  }
                ]
              }
            ],
            "monitoring_service": "monitoring.googleapis.com/kubernetes",
            "name": "my-gke-cluster",
            "network": "projects/kubernetes-428718/global/networks/default",
            "network_policy": [
              {
                "enabled": false,
                "provider": "PROVIDER_UNSPECIFIED"
              }
            ],
            "networking_mode": "ROUTES",
            "node_config": [],
            "node_locations": [],
            "node_pool": [],
            "node_pool_defaults": [
              {
                "node_config_defaults": [
                  {
                    "logging_variant": "DEFAULT"
                  }
                ]
              }
            ],
            "node_version": "1.29.4-gke.1043004",
            "notification_config": [
              {
                "pubsub": [
                  {
                    "enabled": false,
                    "filter": [],
                    "topic": ""
                  }
                ]
              }
            ],
            "operation": null,
            "private_cluster_config": [
              {
                "enable_private_endpoint": false,
                "enable_private_nodes": false,
                "master_global_access_config": [
                  {
                    "enabled": false
                  }
                ],
                "master_ipv4_cidr_block": "",
                "peering_name": "",
                "private_endpoint": "10.128.0.7",
                "private_endpoint_subnetwork": "",
                "public_endpoint": "34.29.194.69"
              }
            ],
            "private_ipv6_google_access": "",
            "project": "kubernetes-428718",
            "release_channel": [
              {
                "channel": "REGULAR"
              }
            ],
            "remove_default_node_pool": true,
            "resource_labels": null,
            "resource_usage_export_config": [],
            "self_link": "https://container.googleapis.com/v1/projects/kubernetes-428718/zones/us-central1-c/clusters/my-gke-cluster",
            "service_external_ips_config": [
              {
                "enabled": false
              }
            ],
            "services_ipv4_cidr": "10.111.240.0/20",
            "subnetwork": "projects/kubernetes-428718/regions/us-central1/subnetworks/default",
            "timeouts": null,
            "tpu_ipv4_cidr_block": "",
            "vertical_pod_autoscaling": [],
            "workload_identity_config": []
          },
          "sensitive_attributes": [
            [
              {
                "type": "get_attr",
                "value": "master_auth"
              },
              {
                "type": "index",
                "value": {
                  "value": 0,
                  "type": "number"
                }
              },
              {
                "type": "get_attr",
                "value": "client_key"
              }
            ]
          ],
          "private": "eyJlMmJmYjczMC1lY2FhLTExZTYtOGY4OC0zNDM2M2JjN2M0YzAiOnsiY3JlYXRlIjoyNDAwMDAwMDAwMDAwLCJkZWxldGUiOjI0MDAwMDAwMDAwMDAsInJlYWQiOjI0MDAwMDAwMDAwMDAsInVwZGF0ZSI6MzYwMDAwMDAwMDAwMH0sInNjaGVtYV92ZXJzaW9uIjoiMSJ9"
        }
      ]
    },
    {
      "mode": "managed",
      "type": "google_container_node_pool",
      "name": "primary_preemptible_nodes",
      "provider": "provider[\"registry.terraform.io/hashicorp/google\"]",
      "instances": [
        {
          "schema_version": 1,
          "attributes": {
            "autoscaling": [],
            "cluster": "my-gke-cluster",
            "id": "projects/kubernetes-428718/locations/us-central1-c/clusters/my-gke-cluster/nodePools/my-node-pool",
            "initial_node_count": 1,
            "instance_group_urls": [
              "https://www.googleapis.com/compute/v1/projects/kubernetes-428718/zones/us-central1-c/instanceGroupManagers/gke-my-gke-cluster-my-node-pool-dbfca93a-grp"
            ],
            "location": "us-central1-c",
            "managed_instance_group_urls": [
              "https://www.googleapis.com/compute/v1/projects/kubernetes-428718/zones/us-central1-c/instanceGroups/gke-my-gke-cluster-my-node-pool-dbfca93a-grp"
            ],
            "management": [
              {
                "auto_repair": true,
                "auto_upgrade": true
              }
            ],
            "max_pods_per_node": null,
            "name": "my-node-pool",
            "name_prefix": "",
            "network_config": [
              {
                "create_pod_range": false,
                "enable_private_nodes": false,
                "pod_ipv4_cidr_block": "",
                "pod_range": ""
              }
            ],
            "node_config": [
              {
                "boot_disk_kms_key": "",
                "disk_size_gb": 20,
                "disk_type": "pd-standard",
                "gcfs_config": [],
                "guest_accelerator": [],
                "gvnic": [],
                "image_type": "COS_CONTAINERD",
                "kubelet_config": [],
                "labels": {},
                "linux_node_config": [],
                "local_ssd_count": 0,
                "logging_variant": "DEFAULT",
                "machine_type": "e2-small",
                "metadata": {
                  "disable-legacy-endpoints": "true"
                },
                "min_cpu_platform": "",
                "node_group": "",
                "oauth_scopes": [
                  "https://www.googleapis.com/auth/devstorage.read_only",
                  "https://www.googleapis.com/auth/logging.write",
                  "https://www.googleapis.com/auth/monitoring",
                  "https://www.googleapis.com/auth/service.management.readonly",
                  "https://www.googleapis.com/auth/servicecontrol",
                  "https://www.googleapis.com/auth/trace.append"
                ],
                "preemptible": true,
                "reservation_affinity": [],
                "resource_labels": null,
                "service_account": "default",
                "shielded_instance_config": [
                  {
                    "enable_integrity_monitoring": true,
                    "enable_secure_boot": false
                  }
                ],
                "spot": false,
                "tags": null,
                "taint": [],
                "workload_metadata_config": []
              }
            ],
            "node_count": 1,
            "node_locations": [
              "us-central1-c"
            ],
            "operation": null,
            "placement_policy": [],
            "project": "kubernetes-428718",
            "timeouts": null,
            "upgrade_settings": [
              {
                "blue_green_settings": [],
                "max_surge": 1,
                "max_unavailable": 0,
                "strategy": "SURGE"
              }
            ],
            "version": "1.29.4-gke.1043004"
          },
          "sensitive_attributes": [],
          "private": "eyJlMmJmYjczMC1lY2FhLTExZTYtOGY4OC0zNDM2M2JjN2M0YzAiOnsiY3JlYXRlIjoxODAwMDAwMDAwMDAwLCJkZWxldGUiOjE4MDAwMDAwMDAwMDAsInVwZGF0ZSI6MTgwMDAwMDAwMDAwMH0sInNjaGVtYV92ZXJzaW9uIjoiMSJ9",
          "dependencies": [
            "google_container_cluster.primary"
          ]
        }
      ]
    }
  ],
  "check_results": null
}
