{
  "version": 4,
  "terraform_version": "1.9.1",
  "serial": 12,
  "lineage": "8cc1d04e-5931-3e96-83c8-6bf3c42b4bae",
  "outputs": {},
  "resources": [
    {
      "mode": "managed",
      "type": "google_compute_disk",
      "name": "kubernetes-storage",
      "provider": "provider[\"registry.terraform.io/hashicorp/google\"]",
      "instances": [
        {
          "schema_version": 0,
          "attributes": {
            "creation_timestamp": "2024-07-09T21:07:02.635-07:00",
            "description": "",
            "disk_encryption_key": [],
            "id": "projects/kubernetes-428718/zones/us-central1-c/disks/kubernetes-storage-disk",
            "image": "",
            "label_fingerprint": "a6HI36FuYIQ=",
            "labels": {
              "environment": "dev"
            },
            "last_attach_timestamp": "",
            "last_detach_timestamp": "",
            "name": "kubernetes-storage-disk",
            "physical_block_size_bytes": 4096,
            "project": "kubernetes-428718",
            "provisioned_iops": 0,
            "self_link": "https://www.googleapis.com/compute/v1/projects/kubernetes-428718/zones/us-central1-c/disks/kubernetes-storage-disk",
            "size": 20,
            "snapshot": "",
            "source_disk": "",
            "source_disk_id": "",
            "source_image_encryption_key": [],
            "source_image_id": "",
            "source_snapshot_encryption_key": [],
            "source_snapshot_id": "",
            "timeouts": null,
            "type": "pd-standard",
            "users": [],
            "zone": "us-central1-c"
          },
          "sensitive_attributes": [],
          "private": "eyJlMmJmYjczMC1lY2FhLTExZTYtOGY4OC0zNDM2M2JjN2M0YzAiOnsiY3JlYXRlIjoxMjAwMDAwMDAwMDAwLCJkZWxldGUiOjEyMDAwMDAwMDAwMDAsInVwZGF0ZSI6MTIwMDAwMDAwMDAwMH19"
        }
      ]
    },
    {
      "mode": "managed",
      "type": "google_container_cluster",
      "name": "primary",
      "provider": "provider[\"registry.terraform.io/hashicorp/google\"]",
      "instances": [
        {
          "schema_version": 1,
          "attributes": {
            "addons_config": [
              {
                "cloudrun_config": [],
                "config_connector_config": [],
                "dns_cache_config": [],
                "gce_persistent_disk_csi_driver_config": [
                  {
                    "enabled": true
                  }
                ],
                "gcp_filestore_csi_driver_config": [],
                "gke_backup_agent_config": [],
                "horizontal_pod_autoscaling": [],
                "http_load_balancing": [],
                "network_policy_config": [
                  {
                    "disabled": true
                  }
                ]
              }
            ],
            "authenticator_groups_config": [],
            "binary_authorization": [
              {
                "enabled": false,
                "evaluation_mode": ""
              }
            ],
            "cluster_autoscaling": [
              {
                "auto_provisioning_defaults": [],
                "enabled": false,
                "resource_limits": []
              }
            ],
            "cluster_ipv4_cidr": "10.108.0.0/14",
            "confidential_nodes": [],
            "cost_management_config": [],
            "database_encryption": [
              {
                "key_name": "",
                "state": "DECRYPTED"
              }
            ],
            "datapath_provider": "",
            "default_max_pods_per_node": null,
            "default_snat_status": [
              {
                "disabled": false
              }
            ],
            "description": "",
            "dns_config": [],
            "enable_autopilot": false,
            "enable_binary_authorization": false,
            "enable_intranode_visibility": false,
            "enable_kubernetes_alpha": false,
            "enable_l4_ilb_subsetting": false,
            "enable_legacy_abac": false,
            "enable_shielded_nodes": true,
            "enable_tpu": false,
            "endpoint": "34.173.161.82",
            "gateway_api_config": [],
            "id": "projects/kubernetes-428718/locations/us-central1-c/clusters/my-gke-cluster",
            "initial_node_count": 1,
            "ip_allocation_policy": [],
            "label_fingerprint": "a9dc16a7",
            "location": "us-central1-c",
            "logging_config": [
              {
                "enable_components": [
                  "SYSTEM_COMPONENTS",
                  "WORKLOADS"
                ]
              }
            ],
            "logging_service": "logging.googleapis.com/kubernetes",
            "maintenance_policy": [],
            "master_auth": [
              {
                "client_certificate": "",
                "client_certificate_config": [
                  {
                    "issue_client_certificate": false
                  }
                ],
                "client_key": "",
                "cluster_ca_certificate": "LS0tLS1CRUdJTiBDRVJUSUZJQ0FURS0tLS0tCk1JSUVMRENDQXBTZ0F3SUJBZ0lRUGw0dGdWajE1aWt5NW1jU0ZiZnBqekFOQmdrcWhraUc5dzBCQVFzRkFEQXYKTVMwd0t3WURWUVFERXlSbE5tSTRPVFEyTXkxbU9UTTNMVFE0TWprdE9EUmtNaTAwT1RWa01UVXlaREF5WlRZdwpJQmNOTWpRd056RXdNRE13TnpBeldoZ1BNakExTkRBM01ETXdOREEzTUROYU1DOHhMVEFyQmdOVkJBTVRKR1UyCllqZzVORFl6TFdZNU16Y3RORGd5T1MwNE5HUXlMVFE1TldReE5USmtNREpsTmpDQ0FhSXdEUVlKS29aSWh2Y04KQVFFQkJRQURnZ0dQQURDQ0FZb0NnZ0dCQU5XM0ttb0xlOGZYcG5CU1NQQXJVVmdjODRIK2hGQXpxN1UyZjRmVwpNYmtFQnJRMlI5QWNCUlM3aFVFVkwvd0hFR3NzV2VRWjBPd29UNEZxSFJZZUY5QWJ2NGZVWERqODhTUG9HajViCjJEZGUzRTNySk94WmRqWFZzMExwTEtBNm1WWU54Z2JhUVp0K1VHaVdsR0JLcndxbzdpUllUVEN6Z3ZWOURKY24KRUNFdkJ3aHl2ZTRKZzNBVDFMblUxQ2Q3OFg3RXE1eFJHd3ZwanpKVmRsdE54Q1cxNU1IcElTeWdQeXdJRnB4cQpnRWpja2hONVdWMmtDOFBzdmxnMmNzUW9kNGFxUkk3K2toY1hJdjdad1V0ZWVLV3NUWkt0Zk54ZlByUWdJSDMvCkJqa0twZkdRc3ZEN3BNNmFUQUpJNXc5TUc0N2tuMVRUTkcrdkJ5cng2TXlDVmE1d2U2RWU3WE1YOC9XR2RRRE4KSHkxRzNKdHlxV21xbStNUnYxTlVqZE1DTHl2S1N0VU9LZ0FndTNFV2ozOU9JLzhsTUxVV25xaktHMDFjNlNpQQpvN3V2TEV3bHBOT09JNU1RZk9jeGtkcGpMSmwySFhrZlBHV2l0Y1hCaUQzYnc4YWEreVI5Y0ZueEhSL0Y1RG9yCllRL2x2NzduVnVhY0srOFptNmNHc2F6M1BRSURBUUFCbzBJd1FEQU9CZ05WSFE4QkFmOEVCQU1DQWdRd0R3WUQKVlIwVEFRSC9CQVV3QXdFQi96QWRCZ05WSFE0RUZnUVViRzN1WXFHM0syOGNVVWNCZzl1M1F4Y1p0anN3RFFZSgpLb1pJaHZjTkFRRUxCUUFEZ2dHQkFIS3pocHp2YUNZQkJCL0liQjdXRG1OK1QvRjFPb2FjQ2JFOFZpV01lUU5yCnNjU0Z3WGhwSG5SYnF6di9WSWdGK2VubURZZllJa01wWHdjclIxM0kwN0h4SWZ1bmFVQlpOZURwQ0tkTjdSYzUKUmNSeURrWGZFMlZoUUd0RXA0VnVGcVJOejZoTXU3a2NLV2tCc0hYeFJHckFKQjZBU1BvcEdJbENRQWJ5QkZSUworRVg5R2hlbHFuWlYyRWJjZ0ZDbW1ncVh6RkloTmpGTXNFSDQraURTQmRXWXUyeE5LVjc2RlBjQlU0MEs2R1doCjl4d3VNMHRlNGs5SjdYemE5YXdobS9uUml4UWtZV3RZelNDS1lMNXF1eHQ2RklRZ3l0czVWRURialkwTWNlYWMKcE8wbzM5M1M5c05TUHlUbzFsY3Z6dEhSaHdSOXU4aDZmMUdodlZLNkc2L0V3RjlxOHk5L3JhZTdKeVM2ZlZMSAoxOVNuWko3bytrdGgxVWpFK0g3eDhHa0FBK01NSklPSUMvNVBvU0JTWFZSSWVaK0VkVGlNT3ozdnNLMHJ4eVdBCnpBTGJBbTA3SVlrQStWeURqb3I0eGFjdXhkNFpicjl6SXZSMWFCSVlWVEZtTXNwZWxFVmpSTHVrQzNxa1BXeVEKaDRGWFNBbThwQXYzWUpXNjJMYXZsdz09Ci0tLS0tRU5EIENFUlRJRklDQVRFLS0tLS0K"
              }
            ],
            "master_authorized_networks_config": [],
            "master_version": "1.29.4-gke.1043004",
            "mesh_certificates": [],
            "min_master_version": null,
            "monitoring_config": [
              {
                "enable_components": [
                  "SYSTEM_COMPONENTS"
                ],
                "managed_prometheus": [
                  {
                    "enabled": true
                  }
                ]
              }
            ],
            "monitoring_service": "monitoring.googleapis.com/kubernetes",
            "name": "my-gke-cluster",
            "network": "projects/kubernetes-428718/global/networks/default",
            "network_policy": [
              {
                "enabled": false,
                "provider": "PROVIDER_UNSPECIFIED"
              }
            ],
            "networking_mode": "ROUTES",
            "node_config": [],
            "node_locations": [],
            "node_pool": [],
            "node_pool_defaults": [
              {
                "node_config_defaults": [
                  {
                    "logging_variant": "DEFAULT"
                  }
                ]
              }
            ],
            "node_version": "1.29.4-gke.1043004",
            "notification_config": [
              {
                "pubsub": [
                  {
                    "enabled": false,
                    "filter": [],
                    "topic": ""
                  }
                ]
              }
            ],
            "operation": null,
            "private_cluster_config": [
              {
                "enable_private_endpoint": false,
                "enable_private_nodes": false,
                "master_global_access_config": [
                  {
                    "enabled": false
                  }
                ],
                "master_ipv4_cidr_block": "",
                "peering_name": "",
                "private_endpoint": "10.128.0.10",
                "private_endpoint_subnetwork": "",
                "public_endpoint": "34.173.161.82"
              }
            ],
            "private_ipv6_google_access": "",
            "project": "kubernetes-428718",
            "release_channel": [
              {
                "channel": "REGULAR"
              }
            ],
            "remove_default_node_pool": true,
            "resource_labels": null,
            "resource_usage_export_config": [],
            "self_link": "https://container.googleapis.com/v1/projects/kubernetes-428718/zones/us-central1-c/clusters/my-gke-cluster",
            "service_external_ips_config": [
              {
                "enabled": false
              }
            ],
            "services_ipv4_cidr": "10.111.240.0/20",
            "subnetwork": "projects/kubernetes-428718/regions/us-central1/subnetworks/default",
            "timeouts": null,
            "tpu_ipv4_cidr_block": "",
            "vertical_pod_autoscaling": [],
            "workload_identity_config": []
          },
          "sensitive_attributes": [
            [
              {
                "type": "get_attr",
                "value": "master_auth"
              },
              {
                "type": "index",
                "value": {
                  "value": 0,
                  "type": "number"
                }
              },
              {
                "type": "get_attr",
                "value": "client_key"
              }
            ]
          ],
          "private": "eyJlMmJmYjczMC1lY2FhLTExZTYtOGY4OC0zNDM2M2JjN2M0YzAiOnsiY3JlYXRlIjoyNDAwMDAwMDAwMDAwLCJkZWxldGUiOjI0MDAwMDAwMDAwMDAsInJlYWQiOjI0MDAwMDAwMDAwMDAsInVwZGF0ZSI6MzYwMDAwMDAwMDAwMH0sInNjaGVtYV92ZXJzaW9uIjoiMSJ9"
        }
      ]
    },
    {
      "mode": "managed",
      "type": "google_container_node_pool",
      "name": "primary_preemptible_nodes",
      "provider": "provider[\"registry.terraform.io/hashicorp/google\"]",
      "instances": [
        {
          "schema_version": 1,
          "attributes": {
            "autoscaling": [],
            "cluster": "my-gke-cluster",
            "id": "projects/kubernetes-428718/locations/us-central1-c/clusters/my-gke-cluster/nodePools/my-node-pool",
            "initial_node_count": 1,
            "instance_group_urls": [
              "https://www.googleapis.com/compute/v1/projects/kubernetes-428718/zones/us-central1-c/instanceGroupManagers/gke-my-gke-cluster-my-node-pool-0e954a38-grp"
            ],
            "location": "us-central1-c",
            "managed_instance_group_urls": [
              "https://www.googleapis.com/compute/v1/projects/kubernetes-428718/zones/us-central1-c/instanceGroups/gke-my-gke-cluster-my-node-pool-0e954a38-grp"
            ],
            "management": [
              {
                "auto_repair": true,
                "auto_upgrade": true
              }
            ],
            "max_pods_per_node": null,
            "name": "my-node-pool",
            "name_prefix": "",
            "network_config": [
              {
                "create_pod_range": false,
                "enable_private_nodes": false,
                "pod_ipv4_cidr_block": "",
                "pod_range": ""
              }
            ],
            "node_config": [
              {
                "boot_disk_kms_key": "",
                "disk_size_gb": 20,
                "disk_type": "pd-standard",
                "gcfs_config": [],
                "guest_accelerator": [],
                "gvnic": [],
                "image_type": "COS_CONTAINERD",
                "kubelet_config": [],
                "labels": {},
                "linux_node_config": [],
                "local_ssd_count": 0,
                "logging_variant": "DEFAULT",
                "machine_type": "e2-small",
                "metadata": {
                  "disable-legacy-endpoints": "true"
                },
                "min_cpu_platform": "",
                "node_group": "",
                "oauth_scopes": [
                  "https://www.googleapis.com/auth/devstorage.read_only",
                  "https://www.googleapis.com/auth/logging.write",
                  "https://www.googleapis.com/auth/monitoring",
                  "https://www.googleapis.com/auth/service.management.readonly",
                  "https://www.googleapis.com/auth/servicecontrol",
                  "https://www.googleapis.com/auth/trace.append"
                ],
                "preemptible": true,
                "reservation_affinity": [],
                "resource_labels": null,
                "service_account": "default",
                "shielded_instance_config": [
                  {
                    "enable_integrity_monitoring": true,
                    "enable_secure_boot": false
                  }
                ],
                "spot": false,
                "tags": null,
                "taint": [],
                "workload_metadata_config": []
              }
            ],
            "node_count": 1,
            "node_locations": [
              "us-central1-c"
            ],
            "operation": null,
            "placement_policy": [],
            "project": "kubernetes-428718",
            "timeouts": null,
            "upgrade_settings": [
              {
                "blue_green_settings": [],
                "max_surge": 1,
                "max_unavailable": 0,
                "strategy": "SURGE"
              }
            ],
            "version": "1.29.4-gke.1043004"
          },
          "sensitive_attributes": [],
          "private": "eyJlMmJmYjczMC1lY2FhLTExZTYtOGY4OC0zNDM2M2JjN2M0YzAiOnsiY3JlYXRlIjoxODAwMDAwMDAwMDAwLCJkZWxldGUiOjE4MDAwMDAwMDAwMDAsInVwZGF0ZSI6MTgwMDAwMDAwMDAwMH0sInNjaGVtYV92ZXJzaW9uIjoiMSJ9",
          "dependencies": [
            "google_container_cluster.primary"
          ]
        }
      ]
    }
  ],
  "check_results": null
}
